
Microsoft Visual Studio Solution File, Format Version 12.00
# Visual Studio Version 17
VisualStudioVersion = 17.11.35327.3
MinimumVisualStudioVersion = 10.0.40219.1
Project("{9A19103F-16F7-4668-BE54-9A1E7A4F7556}") = "WolfoQoL_Server", "WolfoQoL_Server\WolfoQoL_Server.csproj", "{EA822E74-53B7-4253-AF83-3659C9AE0C5F}"
EndProject
Project("{9A19103F-16F7-4668-BE54-9A1E7A4F7556}") = "WolfoQoL_Client", "WolfoQoL_Client\WolfoQoL_Client.csproj", "{25A149A1-D057-4EF0-BC21-F4B33C2E5108}"
EndProject
Project("{9A19103F-16F7-4668-BE54-9A1E7A4F7556}") = "WolfoFixes", "WolfoFixes\WolfoFixes.csproj", "{C717D8BE-FD8E-4584-95FE-89A7EE319B09}"
EndProject
Global
	GlobalSection(SolutionConfigurationPlatforms) = preSolution
		Debug|Any CPU = Debug|Any CPU
		Release|Any CPU = Release|Any CPU
	EndGlobalSection
	GlobalSection(ProjectConfigurationPlatforms) = postSolution
		{EA822E74-53B7-4253-AF83-3659C9AE0C5F}.Debug|Any CPU.ActiveCfg = Debug|Any CPU
		{EA822E74-53B7-4253-AF83-3659C9AE0C5F}.Debug|Any CPU.Build.0 = Debug|Any CPU
		{EA822E74-53B7-4253-AF83-3659C9AE0C5F}.Release|Any CPU.ActiveCfg = Release|Any CPU
		{EA822E74-53B7-4253-AF83-3659C9AE0C5F}.Release|Any CPU.Build.0 = Release|Any CPU
		{25A149A1-D057-4EF0-BC21-F4B33C2E5108}.Debug|Any CPU.ActiveCfg = Debug|Any CPU
		{25A149A1-D057-4EF0-BC21-F4B33C2E5108}.Debug|Any CPU.Build.0 = Debug|Any CPU
		{25A149A1-D057-4EF0-BC21-F4B33C2E5108}.Release|Any CPU.ActiveCfg = Release|Any CPU
		{25A149A1-D057-4EF0-BC21-F4B33C2E5108}.Release|Any CPU.Build.0 = Release|Any CPU
		{C717D8BE-FD8E-4584-95FE-89A7EE319B09}.Debug|Any CPU.ActiveCfg = Debug|Any CPU
		{C717D8BE-FD8E-4584-95FE-89A7EE319B09}.Debug|Any CPU.Build.0 = Debug|Any CPU
		{C717D8BE-FD8E-4584-95FE-89A7EE319B09}.Release|Any CPU.ActiveCfg = Release|Any CPU
		{C717D8BE-FD8E-4584-95FE-89A7EE319B09}.Release|Any CPU.Build.0 = Release|Any CPU
	EndGlobalSection
	GlobalSection(SolutionProperties) = preSolution
		HideSolutionNode = FALSE
	EndGlobalSection
	GlobalSection(ExtensibilityGlobals) = postSolution
		SolutionGuid = {F2283AE2-9150-4B87-AE50-794EC1C21542}
	EndGlobalSection
EndGlobal
